{
  "name": "api.entreheart.com",
  "version": "1.0.0",
  "lockfileVersion": 3,
  "requires": true,
  "packages": {
    "": {
      "name": "api.entreheart.com",
      "version": "1.0.0",
      "license": "MIT",
      "dependencies": {
        "chance": "^1.1.11",
        "sift": "^17.0.1"
      }
    },
    "node_modules/chance": {
      "version": "1.1.11",
      "resolved": "https://registry.npmjs.org/chance/-/chance-1.1.11.tgz",
      "integrity": "sha512-kqTg3WWywappJPqtgrdvbA380VoXO2eu9VCV895JgbyHsaErXdyHK9LOZ911OvAk6L0obK7kDk9CGs8+oBawVA=="
    },
    "node_modules/sift": {
      "version": "17.0.1",
      "resolved": "https://registry.npmjs.org/sift/-/sift-17.0.1.tgz",
      "integrity": "sha512-10rmPF5nuz5UdKuhhxgfS7Vz1aIRGmb+kn5Zy6bntCgNwkbZc0a7Z2dUw2Y9wSoRrBzf7Oim81SUsYdOkVnI8Q==",
      "license": "MIT"
    }
  }
}
